// !$*UTF8*$!
{
	archiveVersion = 1;
	classes = {
	};
	objectVersion = 50;
	objects = {

/* Begin PBXBuildFile section */
		BE519E1B260A6EB50056320C /* OgawaSalesAppApp.swift in Sources */ = {isa = PBXBuildFile; fileRef = BE519E1A260A6EB50056320C /* OgawaSalesAppApp.swift */; };
		BE519E1D260A6EB50056320C /* ContentView.swift in Sources */ = {isa = PBXBuildFile; fileRef = BE519E1C260A6EB50056320C /* ContentView.swift */; };
		BE519E1F260A6EBA0056320C /* Assets.xcassets in Resources */ = {isa = PBXBuildFile; fileRef = BE519E1E260A6EBA0056320C /* Assets.xcassets */; };
		BE519E22260A6EBA0056320C /* Preview Assets.xcassets in Resources */ = {isa = PBXBuildFile; fileRef = BE519E21260A6EBA0056320C /* Preview Assets.xcassets */; };
		BE519E2E260A6F760056320C /* TitleView.swift in Sources */ = {isa = PBXBuildFile; fileRef = BE519E2D260A6F760056320C /* TitleView.swift */; };
		BE519E32260A71DB0056320C /* ShoesView.swift in Sources */ = {isa = PBXBuildFile; fileRef = BE519E31260A71DB0056320C /* ShoesView.swift */; };
		BE519E35260A71E80056320C /* ClothesView.swift in Sources */ = {isa = PBXBuildFile; fileRef = BE519E34260A71E80056320C /* ClothesView.swift */; };
		BE519E38260A764D0056320C /* CartView.swift in Sources */ = {isa = PBXBuildFile; fileRef = BE519E37260A764D0056320C /* CartView.swift */; };
		BE519E3B260AF8660056320C /* BooksView.swift in Sources */ = {isa = PBXBuildFile; fileRef = BE519E3A260AF8660056320C /* BooksView.swift */; };
		BE519E3E260AF94C0056320C /* StuffView.swift in Sources */ = {isa = PBXBuildFile; fileRef = BE519E3D260AF94C0056320C /* StuffView.swift */; };
/* End PBXBuildFile section */

/* Begin PBXFileReference section */
		BE519E17260A6EB50056320C /* OgawaSalesApp.app */ = {isa = PBXFileReference; explicitFileType = wrapper.application; includeInIndex = 0; path = OgawaSalesApp.app; sourceTree = BUILT_PRODUCTS_DIR; };
		BE519E1A260A6EB50056320C /* OgawaSalesAppApp.swift */ = {isa = PBXFileReference; lastKnownFileType = sourcecode.swift; path = OgawaSalesAppApp.swift; sourceTree = "<group>"; };
		BE519E1C260A6EB50056320C /* ContentView.swift */ = {isa = PBXFileReference; lastKnownFileType = sourcecode.swift; path = ContentView.swift; sourceTree = "<group>"; };
		BE519E1E260A6EBA0056320C /* Assets.xcassets */ = {isa = PBXFileReference; lastKnownFileType = folder.assetcatalog; path = Assets.xcassets; sourceTree = "<group>"; };
		BE519E21260A6EBA0056320C /* Preview Assets.xcassets */ = {isa = PBXFileReference; lastKnownFileType = folder.assetcatalog; path = "Preview Assets.xcassets"; sourceTree = "<group>"; };
		BE519E23260A6EBA0056320C /* Info.plist */ = {isa = PBXFileReference; lastKnownFileType = text.plist.xml; path = Info.plist; sourceTree = "<group>"; };
		BE519E2D260A6F760056320C /* TitleView.swift */ = {isa = PBXFileReference; lastKnownFileType = sourcecode.swift; path = TitleView.swift; sourceTree = "<group>"; };
		BE519E31260A71DB0056320C /* ShoesView.swift */ = {isa = PBXFileReference; lastKnownFileType = sourcecode.swift; path = ShoesView.swift; sourceTree = "<group>"; };
		BE519E34260A71E80056320C /* ClothesView.swift */ = {isa = PBXFileReference; lastKnownFileType = sourcecode.swift; path = ClothesView.swift; sourceTree = "<group>"; };
		BE519E37260A764D0056320C /* CartView.swift */ = {isa = PBXFileReference; lastKnownFileType = sourcecode.swift; path = CartView.swift; sourceTree = "<group>"; };
		BE519E3A260AF8660056320C /* BooksView.swift */ = {isa = PBXFileReference; lastKnownFileType = sourcecode.swift; path = BooksView.swift; sourceTree = "<group>"; };
		BE519E3D260AF94C0056320C /* StuffView.swift */ = {isa = PBXFileReference; lastKnownFileType = sourcecode.swift; path = StuffView.swift; sourceTree = "<group>"; };
/* End PBXFileReference section */

/* Begin PBXFrameworksBuildPhase section */
		BE519E14260A6EB50056320C /* Frameworks */ = {
			isa = PBXFrameworksBuildPhase;
			buildActionMask = 2147483647;
			files = (
			);
			runOnlyForDeploymentPostprocessing = 0;
		};
/* End PBXFrameworksBuildPhase section */

/* Begin PBXGroup section */
		BE519E0E260A6EB50056320C = {
			isa = PBXGroup;
			children = (
				BE519E19260A6EB50056320C /* OgawaSalesApp */,
				BE519E18260A6EB50056320C /* Products */,
			);
			sourceTree = "<group>";
		};
		BE519E18260A6EB50056320C /* Products */ = {
			isa = PBXGroup;
			children = (
				BE519E17260A6EB50056320C /* OgawaSalesApp.app */,
			);
			name = Products;
			sourceTree = "<group>";
		};
		BE519E19260A6EB50056320C /* OgawaSalesApp */ = {
			isa = PBXGroup;
			children = (
				BE519E2C260A6F490056320C /* OgawaSales */,
				BE519E1A260A6EB50056320C /* OgawaSalesAppApp.swift */,
				BE519E1E260A6EBA0056320C /* Assets.xcassets */,
				BE519E23260A6EBA0056320C /* Info.plist */,
				BE519E20260A6EBA0056320C /* Preview Content */,
			);
			path = OgawaSalesApp;
			sourceTree = "<group>";
		};
		BE519E20260A6EBA0056320C /* Preview Content */ = {
			isa = PBXGroup;
			children = (
				BE519E21260A6EBA0056320C /* Preview Assets.xcassets */,
			);
			path = "Preview Content";
			sourceTree = "<group>";
		};
		BE519E2A260A6F360056320C /* Model */ = {
			isa = PBXGroup;
			children = (
			);
			path = Model;
			sourceTree = "<group>";
		};
		BE519E2B260A6F420056320C /* View */ = {
			isa = PBXGroup;
			children = (
				BE519E1C260A6EB50056320C /* ContentView.swift */,
				BE519E2D260A6F760056320C /* TitleView.swift */,
				BE519E31260A71DB0056320C /* ShoesView.swift */,
				BE519E34260A71E80056320C /* ClothesView.swift */,
				BE519E37260A764D0056320C /* CartView.swift */,
				BE519E3A260AF8660056320C /* BooksView.swift */,
				BE519E3D260AF94C0056320C /* StuffView.swift */,
			);
			path = View;
			sourceTree = "<group>";
		};
		BE519E2C260A6F490056320C /* OgawaSales */ = {
			isa = PBXGroup;
			children = (
				BE519E2A260A6F360056320C /* Model */,
				BE519E2B260A6F420056320C /* View */,
			);
			path = OgawaSales;
			sourceTree = "<group>";
		};
/* End PBXGroup section */

/* Begin PBXNativeTarget section */
		BE519E16260A6EB50056320C /* OgawaSalesApp */ = {
			isa = PBXNativeTarget;
			buildConfigurationList = BE519E26260A6EBA0056320C /* Build configuration list for PBXNativeTarget "OgawaSalesApp" */;
			buildPhases = (
				BE519E13260A6EB50056320C /* Sources */,
				BE519E14260A6EB50056320C /* Frameworks */,
				BE519E15260A6EB50056320C /* Resources */,
			);
			buildRules = (
			);
			dependencies = (
			);
			name = OgawaSalesApp;
			productName = OgawaSalesApp;
			productReference = BE519E17260A6EB50056320C /* OgawaSalesApp.app */;
			productType = "com.apple.product-type.application";
		};
/* End PBXNativeTarget section */

/* Begin PBXProject section */
		BE519E0F260A6EB50056320C /* Project object */ = {
			isa = PBXProject;
			attributes = {
				LastSwiftUpdateCheck = 1230;
				LastUpgradeCheck = 1230;
				TargetAttributes = {
					BE519E16260A6EB50056320C = {
						CreatedOnToolsVersion = 12.3;
					};
				};
			};
			buildConfigurationList = BE519E12260A6EB50056320C /* Build configuration list for PBXProject "OgawaSalesApp" */;
			compatibilityVersion = "Xcode 9.3";
			developmentRegion = en;
			hasScannedForEncodings = 0;
			knownRegions = (
				en,
				Base,
			);
			mainGroup = BE519E0E260A6EB50056320C;
			productRefGroup = BE519E18260A6EB50056320C /* Products */;
			projectDirPath = "";
			projectRoot = "";
			targets = (
				BE519E16260A6EB50056320C /* OgawaSalesApp */,
			);
		};
/* End PBXProject section */

/* Begin PBXResourcesBuildPhase section */
		BE519E15260A6EB50056320C /* Resources */ = {
			isa = PBXResourcesBuildPhase;
			buildActionMask = 2147483647;
			files = (
				BE519E22260A6EBA0056320C /* Preview Assets.xcassets in Resources */,
				BE519E1F260A6EBA0056320C /* Assets.xcassets in Resources */,
			);
			runOnlyForDeploymentPostprocessing = 0;
		};
/* End PBXResourcesBuildPhase section */

/* Begin PBXSourcesBuildPhase section */
		BE519E13260A6EB50056320C /* Sources */ = {
			isa = PBXSourcesBuildPhase;
			buildActionMask = 2147483647;
			files = (
				BE519E38260A764D0056320C /* CartView.swift in Sources */,
				BE519E35260A71E80056320C /* ClothesView.swift in Sources */,
				BE519E1D260A6EB50056320C /* ContentView.swift in Sources */,
				BE519E3B260AF8660056320C /* BooksView.swift in Sources */,
				BE519E1B260A6EB50056320C /* OgawaSalesAppApp.swift in Sources */,
				BE519E3E260AF94C0056320C /* StuffView.swift in Sources */,
				BE519E2E260A6F760056320C /* TitleView.swift in Sources */,
				BE519E32260A71DB0056320C /* ShoesView.swift in Sources */,
			);
			runOnlyForDeploymentPostprocessing = 0;
		};
/* End PBXSourcesBuildPhase section */

/* Begin XCBuildConfiguration section */
		BE519E24260A6EBA0056320C /* Debug */ = {
			isa = XCBuildConfiguration;
			buildSettings = {
				ALWAYS_SEARCH_USER_PATHS = NO;
				CLANG_ANALYZER_NONNULL = YES;
				CLANG_ANALYZER_NUMBER_OBJECT_CONVERSION = YES_AGGRESSIVE;
				CLANG_CXX_LANGUAGE_STANDARD = "gnu++14";
				CLANG_CXX_LIBRARY = "libc++";
				CLANG_ENABLE_MODULES = YES;
				CLANG_ENABLE_OBJC_ARC = YES;
				CLANG_ENABLE_OBJC_WEAK = YES;
				CLANG_WARN_BLOCK_CAPTURE_AUTORELEASING = YES;
				CLANG_WARN_BOOL_CONVERSION = YES;
				CLANG_WARN_COMMA = YES;
				CLANG_WARN_CONSTANT_CONVERSION = YES;
				CLANG_WARN_DEPRECATED_OBJC_IMPLEMENTATIONS = YES;
				CLANG_WARN_DIRECT_OBJC_ISA_USAGE = YES_ERROR;
				CLANG_WARN_DOCUMENTATION_COMMENTS = YES;
				CLANG_WARN_EMPTY_BODY = YES;
				CLANG_WARN_ENUM_CONVERSION = YES;
				CLANG_WARN_INFINITE_RECURSION = YES;
				CLANG_WARN_INT_CONVERSION = YES;
				CLANG_WARN_NON_LITERAL_NULL_CONVERSION = YES;
				CLANG_WARN_OBJC_IMPLICIT_RETAIN_SELF = YES;
				CLANG_WARN_OBJC_LITERAL_CONVERSION = YES;
				CLANG_WARN_OBJC_ROOT_CLASS = YES_ERROR;
				CLANG_WARN_QUOTED_INCLUDE_IN_FRAMEWORK_HEADER = YES;
				CLANG_WARN_RANGE_LOOP_ANALYSIS = YES;
				CLANG_WARN_STRICT_PROTOTYPES = YES;
				CLANG_WARN_SUSPICIOUS_MOVE = YES;
				CLANG_WARN_UNGUARDED_AVAILABILITY = YES_AGGRESSIVE;
				CLANG_WARN_UNREACHABLE_CODE = YES;
				CLANG_WARN__DUPLICATE_METHOD_MATCH = YES;
				COPY_PHASE_STRIP = NO;
				DEBUG_INFORMATION_FORMAT = dwarf;
				ENABLE_STRICT_OBJC_MSGSEND = YES;
				ENABLE_TESTABILITY = YES;
				GCC_C_LANGUAGE_STANDARD = gnu11;
				GCC_DYNAMIC_NO_PIC = NO;
				GCC_NO_COMMON_BLOCKS = YES;
				GCC_OPTIMIZATION_LEVEL = 0;
				GCC_PREPROCESSOR_DEFINITIONS = (
					"DEBUG=1",
					"$(inherited)",
				);
				GCC_WARN_64_TO_32_BIT_CONVERSION = YES;
				GCC_WARN_ABOUT_RETURN_TYPE = YES_ERROR;
				GCC_WARN_UNDECLARED_SELECTOR = YES;
				GCC_WARN_UNINITIALIZED_AUTOS = YES_AGGRESSIVE;
				GCC_WARN_UNUSED_FUNCTION = YES;
				GCC_WARN_UNUSED_VARIABLE = YES;
				IPHONEOS_DEPLOYMENT_TARGET = 14.3;
				MTL_ENABLE_DEBUG_INFO = INCLUDE_SOURCE;
				MTL_FAST_MATH = YES;
				ONLY_ACTIVE_ARCH = YES;
				SDKROOT = iphoneos;
				SWIFT_ACTIVE_COMPILATION_CONDITIONS = DEBUG;
				SWIFT_OPTIMIZATION_LEVEL = "-Onone";
			};
			name = Debug;
		};
		BE519E25260A6EBA0056320C /* Release */ = {
			isa = XCBuildConfiguration;
			buildSettings = {
				ALWAYS_SEARCH_USER_PATHS = NO;
				CLANG_ANALYZER_NONNULL = YES;
				CLANG_ANALYZER_NUMBER_OBJECT_CONVERSION = YES_AGGRESSIVE;
				CLANG_CXX_LANGUAGE_STANDARD = "gnu++14";
				CLANG_CXX_LIBRARY = "libc++";
				CLANG_ENABLE_MODULES = YES;
				CLANG_ENABLE_OBJC_ARC = YES;
				CLANG_ENABLE_OBJC_WEAK = YES;
				CLANG_WARN_BLOCK_CAPTURE_AUTORELEASING = YES;
				CLANG_WARN_BOOL_CONVERSION = YES;
				CLANG_WARN_COMMA = YES;
				CLANG_WARN_CONSTANT_CONVERSION = YES;
				CLANG_WARN_DEPRECATED_OBJC_IMPLEMENTATIONS = YES;
				CLANG_WARN_DIRECT_OBJC_ISA_USAGE = YES_ERROR;
				CLANG_WARN_DOCUMENTATION_COMMENTS = YES;
				CLANG_WARN_EMPTY_BODY = YES;
				CLANG_WARN_ENUM_CONVERSION = YES;
				CLANG_WARN_INFINITE_RECURSION = YES;
				CLANG_WARN_INT_CONVERSION = YES;
				CLANG_WARN_NON_LITERAL_NULL_CONVERSION = YES;
				CLANG_WARN_OBJC_IMPLICIT_RETAIN_SELF = YES;
				CLANG_WARN_OBJC_LITERAL_CONVERSION = YES;
				CLANG_WARN_OBJC_ROOT_CLASS = YES_ERROR;
				CLANG_WARN_QUOTED_INCLUDE_IN_FRAMEWORK_HEADER = YES;
				CLANG_WARN_RANGE_LOOP_ANALYSIS = YES;
				CLANG_WARN_STRICT_PROTOTYPES = YES;
				CLANG_WARN_SUSPICIOUS_MOVE = YES;
				CLANG_WARN_UNGUARDED_AVAILABILITY = YES_AGGRESSIVE;
				CLANG_WARN_UNREACHABLE_CODE = YES;
				CLANG_WARN__DUPLICATE_METHOD_MATCH = YES;
				COPY_PHASE_STRIP = NO;
				DEBUG_INFORMATION_FORMAT = "dwarf-with-dsym";
				ENABLE_NS_ASSERTIONS = NO;
				ENABLE_STRICT_OBJC_MSGSEND = YES;
				GCC_C_LANGUAGE_STANDARD = gnu11;
				GCC_NO_COMMON_BLOCKS = YES;
				GCC_WARN_64_TO_32_BIT_CONVERSION = YES;
				GCC_WARN_ABOUT_RETURN_TYPE = YES_ERROR;
				GCC_WARN_UNDECLARED_SELECTOR = YES;
				GCC_WARN_UNINITIALIZED_AUTOS = YES_AGGRESSIVE;
				GCC_WARN_UNUSED_FUNCTION = YES;
				GCC_WARN_UNUSED_VARIABLE = YES;
				IPHONEOS_DEPLOYMENT_TARGET = 14.3;
				MTL_ENABLE_DEBUG_INFO = NO;
				MTL_FAST_MATH = YES;
				SDKROOT = iphoneos;
				SWIFT_COMPILATION_MODE = wholemodule;
				SWIFT_OPTIMIZATION_LEVEL = "-O";
				VALIDATE_PRODUCT = YES;
			};
			name = Release;
		};
		BE519E27260A6EBA0056320C /* Debug */ = {
			isa = XCBuildConfiguration;
			buildSettings = {
				ASSETCATALOG_COMPILER_APPICON_NAME = AppIcon;
				ASSETCATALOG_COMPILER_GLOBAL_ACCENT_COLOR_NAME = AccentColor;
				CODE_SIGN_STYLE = Automatic;
				DEVELOPMENT_ASSET_PATHS = "\"OgawaSalesApp/Preview Content\"";
				DEVELOPMENT_TEAM = 7DTFPN85TH;
				ENABLE_PREVIEWS = YES;
				INFOPLIST_FILE = OgawaSalesApp/Info.plist;
				IPHONEOS_DEPLOYMENT_TARGET = 14.0;
				LD_RUNPATH_SEARCH_PATHS = (
					"$(inherited)",
					"@executable_path/Frameworks",
				);
				PRODUCT_BUNDLE_IDENTIFIER = ca.gakuogawa.OgawaSalesApp;
				PRODUCT_NAME = "$(TARGET_NAME)";
				SWIFT_VERSION = 5.0;
				TARGETED_DEVICE_FAMILY = "1,2";
			};
			name = Debug;
		};
		BE519E28260A6EBA0056320C /* Release */ = {
			isa = XCBuildConfiguration;
			buildSettings = {
				ASSETCATALOG_COMPILER_APPICON_NAME = AppIcon;
				ASSETCATALOG_COMPILER_GLOBAL_ACCENT_COLOR_NAME = AccentColor;
				CODE_SIGN_STYLE = Automatic;
				DEVELOPMENT_ASSET_PATHS = "\"OgawaSalesApp/Preview Content\"";
				DEVELOPMENT_TEAM = 7DTFPN85TH;
				ENABLE_PREVIEWS = YES;
				INFOPLIST_FILE = OgawaSalesApp/Info.plist;
				IPHONEOS_DEPLOYMENT_TARGET = 14.0;
				LD_RUNPATH_SEARCH_PATHS = (
					"$(inherited)",
					"@executable_path/Frameworks",
				);
				PRODUCT_BUNDLE_IDENTIFIER = ca.gakuogawa.OgawaSalesApp;
				PRODUCT_NAME = "$(TARGET_NAME)";
				SWIFT_VERSION = 5.0;
				TARGETED_DEVICE_FAMILY = "1,2";
			};
			name = Release;
		};
/* End XCBuildConfiguration section */

/* Begin XCConfigurationList section */
		BE519E12260A6EB50056320C /* Build configuration list for PBXProject "OgawaSalesApp" */ = {
			isa = XCConfigurationList;
			buildConfigurations = (
				BE519E24260A6EBA0056320C /* Debug */,
				BE519E25260A6EBA0056320C /* Release */,
			);
			defaultConfigurationIsVisible = 0;
			defaultConfigurationName = Release;
		};
		BE519E26260A6EBA0056320C /* Build configuration list for PBXNativeTarget "OgawaSalesApp" */ = {
			isa = XCConfigurationList;
			buildConfigurations = (
				BE519E27260A6EBA0056320C /* Debug */,
				BE519E28260A6EBA0056320C /* Release */,
			);
			defaultConfigurationIsVisible = 0;
			defaultConfigurationName = Release;
		};
/* End XCConfigurationList section */
	};
	rootObject = BE519E0F260A6EB50056320C /* Project object */;
}
